
Microsoft Visual Studio Solution File, Format Version 12.00
# Visual Studio Version 17
VisualStudioVersion = 17.9.34622.214
MinimumVisualStudioVersion = 10.0.40219.1
Project("{9A19103F-16F7-4668-BE54-9A1E7A4F7556}") = "MentoryGraduateProject_WebApp", "MentoryGraduateProject_WebApp\MentoryGraduateProject_WebApp.csproj", "{7EB05CC5-F580-482C-88C9-BE1D7826D303}"
EndProject
Project("{2150E333-8FDC-42A3-9474-1A3956D46DE8}") = "1_Domain", "1_Domain", "{29342DF9-B096-41CB-8429-75D801CBCE1E}"
EndProject
Project("{9A19103F-16F7-4668-BE54-9A1E7A4F7556}") = "GraduateProject.Domain.Core", "GraduateProject.Domain.Core\GraduateProject.Domain.Core.csproj", "{212D67DD-1659-4B62-A1D1-E088A85B9C07}"
EndProject
Project("{9A19103F-16F7-4668-BE54-9A1E7A4F7556}") = "GraduateProject.Domain.Interfaces", "GraduateProject.Domain.Interfaces\GraduateProject.Domain.Interfaces.csproj", "{D7CEE462-20CC-442D-8A18-0548E458EE05}"
EndProject
Project("{2150E333-8FDC-42A3-9474-1A3956D46DE8}") = "2_Services", "2_Services", "{9F3F5B03-3413-4742-911E-026AACDD1892}"
EndProject
Project("{FAE04EC0-301F-11D3-BF4B-00C04F79EFBC}") = "GraduateProject.Services.Interfaces", "GraduateProject.Services.Interfaces\GraduateProject.Services.Interfaces.csproj", "{B242F4EE-B6B1-46B6-B1B5-69CFC55C5397}"
EndProject
Project("{2150E333-8FDC-42A3-9474-1A3956D46DE8}") = "3_Infrastructure", "3_Infrastructure", "{A40D0043-E127-4095-802D-516751C24B50}"
EndProject
Project("{FAE04EC0-301F-11D3-BF4B-00C04F79EFBC}") = "GraduateProject.Infrastructure.Data", "GraduateProject.Infrastructure.Data\GraduateProject.Infrastructure.Data.csproj", "{BE4FADD7-92B8-4A5B-A906-9BC63258D0F5}"
EndProject
Project("{FAE04EC0-301F-11D3-BF4B-00C04F79EFBC}") = "GraduateProject.Infrastructure.Business", "GraduateProject.Infrastructure.Business\GraduateProject.Infrastructure.Business.csproj", "{931D0A83-F482-444E-AA99-3E8469773BAB}"
EndProject
Global
	GlobalSection(SolutionConfigurationPlatforms) = preSolution
		Debug|Any CPU = Debug|Any CPU
		Release|Any CPU = Release|Any CPU
	EndGlobalSection
	GlobalSection(ProjectConfigurationPlatforms) = postSolution
		{7EB05CC5-F580-482C-88C9-BE1D7826D303}.Debug|Any CPU.ActiveCfg = Debug|Any CPU
		{7EB05CC5-F580-482C-88C9-BE1D7826D303}.Debug|Any CPU.Build.0 = Debug|Any CPU
		{7EB05CC5-F580-482C-88C9-BE1D7826D303}.Release|Any CPU.ActiveCfg = Release|Any CPU
		{7EB05CC5-F580-482C-88C9-BE1D7826D303}.Release|Any CPU.Build.0 = Release|Any CPU
		{212D67DD-1659-4B62-A1D1-E088A85B9C07}.Debug|Any CPU.ActiveCfg = Debug|Any CPU
		{212D67DD-1659-4B62-A1D1-E088A85B9C07}.Debug|Any CPU.Build.0 = Debug|Any CPU
		{212D67DD-1659-4B62-A1D1-E088A85B9C07}.Release|Any CPU.ActiveCfg = Release|Any CPU
		{212D67DD-1659-4B62-A1D1-E088A85B9C07}.Release|Any CPU.Build.0 = Release|Any CPU
		{D7CEE462-20CC-442D-8A18-0548E458EE05}.Debug|Any CPU.ActiveCfg = Debug|Any CPU
		{D7CEE462-20CC-442D-8A18-0548E458EE05}.Debug|Any CPU.Build.0 = Debug|Any CPU
		{D7CEE462-20CC-442D-8A18-0548E458EE05}.Release|Any CPU.ActiveCfg = Release|Any CPU
		{D7CEE462-20CC-442D-8A18-0548E458EE05}.Release|Any CPU.Build.0 = Release|Any CPU
		{B242F4EE-B6B1-46B6-B1B5-69CFC55C5397}.Debug|Any CPU.ActiveCfg = Debug|Any CPU
		{B242F4EE-B6B1-46B6-B1B5-69CFC55C5397}.Debug|Any CPU.Build.0 = Debug|Any CPU
		{B242F4EE-B6B1-46B6-B1B5-69CFC55C5397}.Release|Any CPU.ActiveCfg = Release|Any CPU
		{B242F4EE-B6B1-46B6-B1B5-69CFC55C5397}.Release|Any CPU.Build.0 = Release|Any CPU
		{BE4FADD7-92B8-4A5B-A906-9BC63258D0F5}.Debug|Any CPU.ActiveCfg = Debug|Any CPU
		{BE4FADD7-92B8-4A5B-A906-9BC63258D0F5}.Debug|Any CPU.Build.0 = Debug|Any CPU
		{BE4FADD7-92B8-4A5B-A906-9BC63258D0F5}.Release|Any CPU.ActiveCfg = Release|Any CPU
		{BE4FADD7-92B8-4A5B-A906-9BC63258D0F5}.Release|Any CPU.Build.0 = Release|Any CPU
		{931D0A83-F482-444E-AA99-3E8469773BAB}.Debug|Any CPU.ActiveCfg = Debug|Any CPU
		{931D0A83-F482-444E-AA99-3E8469773BAB}.Debug|Any CPU.Build.0 = Debug|Any CPU
		{931D0A83-F482-444E-AA99-3E8469773BAB}.Release|Any CPU.ActiveCfg = Release|Any CPU
		{931D0A83-F482-444E-AA99-3E8469773BAB}.Release|Any CPU.Build.0 = Release|Any CPU
	EndGlobalSection
	GlobalSection(SolutionProperties) = preSolution
		HideSolutionNode = FALSE
	EndGlobalSection
	GlobalSection(NestedProjects) = preSolution
		{212D67DD-1659-4B62-A1D1-E088A85B9C07} = {29342DF9-B096-41CB-8429-75D801CBCE1E}
		{D7CEE462-20CC-442D-8A18-0548E458EE05} = {29342DF9-B096-41CB-8429-75D801CBCE1E}
		{B242F4EE-B6B1-46B6-B1B5-69CFC55C5397} = {9F3F5B03-3413-4742-911E-026AACDD1892}
		{BE4FADD7-92B8-4A5B-A906-9BC63258D0F5} = {A40D0043-E127-4095-802D-516751C24B50}
		{931D0A83-F482-444E-AA99-3E8469773BAB} = {A40D0043-E127-4095-802D-516751C24B50}
	EndGlobalSection
	GlobalSection(ExtensibilityGlobals) = postSolution
		SolutionGuid = {52969BA8-C50D-49ED-ABB8-D84690C99D87}
	EndGlobalSection
EndGlobal
